// !$*UTF8*$!
{
	archiveVersion = 1;
	classes = {
	};
	objectVersion = 46;
	objects = {

/* Begin PBXBuildFile section */
		1737D69A185A079C00AF9774 /* Foundation.framework in Frameworks */ = {isa = PBXBuildFile; fileRef = B85EE755163AECB000265870 /* Foundation.framework */; };
		1737D69C185A079C00AF9774 /* CoreGraphics.framework in Frameworks */ = {isa = PBXBuildFile; fileRef = 1737D69B185A079C00AF9774 /* CoreGraphics.framework */; };
		1737D69E185A079C00AF9774 /* UIKit.framework in Frameworks */ = {isa = PBXBuildFile; fileRef = 1737D69D185A079C00AF9774 /* UIKit.framework */; };
		1737D6A4185A079C00AF9774 /* InfoPlist.strings in Resources */ = {isa = PBXBuildFile; fileRef = 1737D6A2185A079C00AF9774 /* InfoPlist.strings */; };
		1737D6A6185A079C00AF9774 /* main.m in Sources */ = {isa = PBXBuildFile; fileRef = 1737D6A5185A079C00AF9774 /* main.m */; };
		1737D6AA185A079C00AF9774 /* CWAppDelegate.m in Sources */ = {isa = PBXBuildFile; fileRef = 1737D6A9185A079C00AF9774 /* CWAppDelegate.m */; };
		1737D6AD185A079C00AF9774 /* Main_iPhone.storyboard in Resources */ = {isa = PBXBuildFile; fileRef = 1737D6AB185A079C00AF9774 /* Main_iPhone.storyboard */; };
		1737D6B0185A079C00AF9774 /* Main_iPad.storyboard in Resources */ = {isa = PBXBuildFile; fileRef = 1737D6AE185A079C00AF9774 /* Main_iPad.storyboard */; };
		1737D6B3185A079C00AF9774 /* CWViewController.m in Sources */ = {isa = PBXBuildFile; fileRef = 1737D6B2185A079C00AF9774 /* CWViewController.m */; };
		1737D6B5185A079C00AF9774 /* Images.xcassets in Resources */ = {isa = PBXBuildFile; fileRef = 1737D6B4185A079C00AF9774 /* Images.xcassets */; };
		1737D6BC185A079C00AF9774 /* XCTest.framework in Frameworks */ = {isa = PBXBuildFile; fileRef = 1737D6BB185A079C00AF9774 /* XCTest.framework */; };
		1737D6BD185A079C00AF9774 /* Foundation.framework in Frameworks */ = {isa = PBXBuildFile; fileRef = B85EE755163AECB000265870 /* Foundation.framework */; };
		1737D6BE185A079C00AF9774 /* UIKit.framework in Frameworks */ = {isa = PBXBuildFile; fileRef = 1737D69D185A079C00AF9774 /* UIKit.framework */; };
		1737D6C6185A079C00AF9774 /* InfoPlist.strings in Resources */ = {isa = PBXBuildFile; fileRef = 1737D6C4185A079C00AF9774 /* InfoPlist.strings */; };
		1737D6C8185A079C00AF9774 /* Objc_Playground_iOSTests.m in Sources */ = {isa = PBXBuildFile; fileRef = 1737D6C7185A079C00AF9774 /* Objc_Playground_iOSTests.m */; };
		176DC48A18288829000ECCCD /* Cocoa.framework in Frameworks */ = {isa = PBXBuildFile; fileRef = 176DC48918288829000ECCCD /* Cocoa.framework */; };
		176DC48D1828893B000ECCCD /* libExpecta-macosx.a in CopyFiles */ = {isa = PBXBuildFile; fileRef = B83C4B3416DE78400011506D /* libExpecta-macosx.a */; };
		17945696182F14250052E113 /* libSpecta-OSX.a in Frameworks */ = {isa = PBXBuildFile; fileRef = 1794568C182F14250052E113 /* libSpecta-OSX.a */; };
		1794569B182F14620052E113 /* libSpecta-OSX.a in CopyFiles */ = {isa = PBXBuildFile; fileRef = 1794568C182F14250052E113 /* libSpecta-OSX.a */; };
		17F6485318411B4800028065 /* CWPriorityQueue2.m in Sources */ = {isa = PBXBuildFile; fileRef = 17F6485218411B4800028065 /* CWPriorityQueue2.m */; };
		17F6485A184267D300028065 /* CWPriorityQueue2Tests.m in Sources */ = {isa = PBXBuildFile; fileRef = 17F64859184267D300028065 /* CWPriorityQueue2Tests.m */; };
		17F6485F184269D900028065 /* CWPriorityQueue2.m in Sources */ = {isa = PBXBuildFile; fileRef = 17F6485218411B4800028065 /* CWPriorityQueue2.m */; };
		B81F415F177F50F800ABED6D /* CWLogging.m in Sources */ = {isa = PBXBuildFile; fileRef = B81F415E177F50F800ABED6D /* CWLogging.m */; };
		B81F4162177F511900ABED6D /* CWLoggingTests.m in Sources */ = {isa = PBXBuildFile; fileRef = B81F4161177F511900ABED6D /* CWLoggingTests.m */; };
		B83C4B3716DE78400011506D /* libExpecta-macosx.a in Frameworks */ = {isa = PBXBuildFile; fileRef = B83C4B3416DE78400011506D /* libExpecta-macosx.a */; };
		B84E047B178DBBFB00E272D6 /* CWBinaryHeap.m in Sources */ = {isa = PBXBuildFile; fileRef = B84E047A178DBBFB00E272D6 /* CWBinaryHeap.m */; };
		B850337C1764D75C00B17D1B /* CWFuture.m in Sources */ = {isa = PBXBuildFile; fileRef = B850337B1764D75C00B17D1B /* CWFuture.m */; };
		B85033831764D76C00B17D1B /* CWFutureTests.m in Sources */ = {isa = PBXBuildFile; fileRef = B85033821764D76C00B17D1B /* CWFutureTests.m */; };
		B85EE756163AECB000265870 /* Foundation.framework in Frameworks */ = {isa = PBXBuildFile; fileRef = B85EE755163AECB000265870 /* Foundation.framework */; };
		B85EE759163AECB000265870 /* main.m in Sources */ = {isa = PBXBuildFile; fileRef = B85EE758163AECB000265870 /* main.m */; };
		B85EE75D163AECB000265870 /* ObjC_Playground.1 in CopyFiles */ = {isa = PBXBuildFile; fileRef = B85EE75C163AECB000265870 /* ObjC_Playground.1 */; };
		B85EE77F163B277300265870 /* SenTestingKit.framework in Frameworks */ = {isa = PBXBuildFile; fileRef = B85EE77E163B277200265870 /* SenTestingKit.framework */; };
		B85EE78B163B277300265870 /* InfoPlist.strings in Resources */ = {isa = PBXBuildFile; fileRef = B85EE789163B277300265870 /* InfoPlist.strings */; };
		B85EE7CF163CDB6900265870 /* Zangetsu.framework in Frameworks */ = {isa = PBXBuildFile; fileRef = B85EE771163AF96800265870 /* Zangetsu.framework */; };
		B8A2FA1E180D825A00DA2C2E /* CWTree2Tests.m in Sources */ = {isa = PBXBuildFile; fileRef = B8A2FA1D180D825A00DA2C2E /* CWTree2Tests.m */; };
		B8A2FA23180D838C00DA2C2E /* CWTree2.m in Sources */ = {isa = PBXBuildFile; fileRef = B8C9BC5817B7DFC200679B86 /* CWTree2.m */; };
		B8AF363F1790526900988248 /* CWBinaryHeapTests.m in Sources */ = {isa = PBXBuildFile; fileRef = B8AF363E1790526900988248 /* CWBinaryHeapTests.m */; };
		B8AF3644179052CE00988248 /* CWBinaryHeap.m in Sources */ = {isa = PBXBuildFile; fileRef = B84E047A178DBBFB00E272D6 /* CWBinaryHeap.m */; };
		B8C9BC5917B7DFC200679B86 /* CWTree2.m in Sources */ = {isa = PBXBuildFile; fileRef = B8C9BC5817B7DFC200679B86 /* CWTree2.m */; };
		B8F28C6C1641F78C00BA8497 /* Zangetsu.framework in Frameworks */ = {isa = PBXBuildFile; fileRef = B85EE771163AF96800265870 /* Zangetsu.framework */; };
		B8FDFEEF1766345000087D79 /* CWFuture.m in Sources */ = {isa = PBXBuildFile; fileRef = B850337B1764D75C00B17D1B /* CWFuture.m */; };
/* End PBXBuildFile section */

/* Begin PBXContainerItemProxy section */
		1737D6BF185A079C00AF9774 /* PBXContainerItemProxy */ = {
			isa = PBXContainerItemProxy;
			containerPortal = B85EE748163AECB000265870 /* Project object */;
			proxyType = 1;
			remoteGlobalIDString = 1737D698185A079C00AF9774;
			remoteInfo = Objc_Playground_iOS;
		};
		B85EE770163AF96800265870 /* PBXContainerItemProxy */ = {
			isa = PBXContainerItemProxy;
			containerPortal = B85EE766163AF96700265870 /* Zangetsu.xcodeproj */;
			proxyType = 2;
			remoteGlobalIDString = 17395C7213B280EE00C900BD;
			remoteInfo = Zangetsu;
		};
		B85EE772163AF96800265870 /* PBXContainerItemProxy */ = {
			isa = PBXContainerItemProxy;
			containerPortal = B85EE766163AF96700265870 /* Zangetsu.xcodeproj */;
			proxyType = 2;
			remoteGlobalIDString = B8F5E66912A02EB400E58C94;
			remoteInfo = "Unit Tests";
		};
		B85EE774163AF96800265870 /* PBXContainerItemProxy */ = {
			isa = PBXContainerItemProxy;
			containerPortal = B85EE766163AF96700265870 /* Zangetsu.xcodeproj */;
			proxyType = 2;
			remoteGlobalIDString = B869BAF914C3AA5A00ED2908;
			remoteInfo = ZangetsuTouch;
		};
		B85EE776163AF96800265870 /* PBXContainerItemProxy */ = {
			isa = PBXContainerItemProxy;
			containerPortal = B85EE766163AF96700265870 /* Zangetsu.xcodeproj */;
			proxyType = 2;
			remoteGlobalIDString = B869BB0814C3AA5B00ED2908;
			remoteInfo = ZangetsuTouchTests;
		};
		B8F28C321641BCA600BA8497 /* PBXContainerItemProxy */ = {
			isa = PBXContainerItemProxy;
			containerPortal = B85EE748163AECB000265870 /* Project object */;
			proxyType = 1;
			remoteGlobalIDString = B85EE750163AECB000265870;
			remoteInfo = ObjC_Playground;
		};
/* End PBXContainerItemProxy section */

/* Begin PBXCopyFilesBuildPhase section */
		176DC48B18288915000ECCCD /* CopyFiles */ = {
			isa = PBXCopyFilesBuildPhase;
			buildActionMask = 2147483647;
			dstPath = "";
			dstSubfolderSpec = 10;
			files = (
				1794569B182F14620052E113 /* libSpecta-OSX.a in CopyFiles */,
				176DC48D1828893B000ECCCD /* libExpecta-macosx.a in CopyFiles */,
			);
			runOnlyForDeploymentPostprocessing = 0;
		};
		B85EE74F163AECB000265870 /* CopyFiles */ = {
			isa = PBXCopyFilesBuildPhase;
			buildActionMask = 2147483647;
			dstPath = /usr/share/man/man1/;
			dstSubfolderSpec = 0;
			files = (
				B85EE75D163AECB000265870 /* ObjC_Playground.1 in CopyFiles */,
			);
			runOnlyForDeploymentPostprocessing = 1;
		};
/* End PBXCopyFilesBuildPhase section */

/* Begin PBXFileReference section */
		1737D699185A079C00AF9774 /* Objc_Playground_iOS.app */ = {isa = PBXFileReference; explicitFileType = wrapper.application; includeInIndex = 0; path = Objc_Playground_iOS.app; sourceTree = BUILT_PRODUCTS_DIR; };
		1737D69B185A079C00AF9774 /* CoreGraphics.framework */ = {isa = PBXFileReference; lastKnownFileType = wrapper.framework; name = CoreGraphics.framework; path = System/Library/Frameworks/CoreGraphics.framework; sourceTree = SDKROOT; };
		1737D69D185A079C00AF9774 /* UIKit.framework */ = {isa = PBXFileReference; lastKnownFileType = wrapper.framework; name = UIKit.framework; path = Library/Frameworks/UIKit.framework; sourceTree = DEVELOPER_DIR; };
		1737D6A1185A079C00AF9774 /* Objc_Playground_iOS-Info.plist */ = {isa = PBXFileReference; lastKnownFileType = text.plist.xml; path = "Objc_Playground_iOS-Info.plist"; sourceTree = "<group>"; };
		1737D6A3185A079C00AF9774 /* en */ = {isa = PBXFileReference; lastKnownFileType = text.plist.strings; name = en; path = en.lproj/InfoPlist.strings; sourceTree = "<group>"; };
		1737D6A5185A079C00AF9774 /* main.m */ = {isa = PBXFileReference; lastKnownFileType = sourcecode.c.objc; path = main.m; sourceTree = "<group>"; };
		1737D6A7185A079C00AF9774 /* Objc_Playground_iOS-Prefix.pch */ = {isa = PBXFileReference; lastKnownFileType = sourcecode.c.h; path = "Objc_Playground_iOS-Prefix.pch"; sourceTree = "<group>"; };
		1737D6A8185A079C00AF9774 /* CWAppDelegate.h */ = {isa = PBXFileReference; lastKnownFileType = sourcecode.c.h; path = CWAppDelegate.h; sourceTree = "<group>"; };
		1737D6A9185A079C00AF9774 /* CWAppDelegate.m */ = {isa = PBXFileReference; lastKnownFileType = sourcecode.c.objc; path = CWAppDelegate.m; sourceTree = "<group>"; };
		1737D6AC185A079C00AF9774 /* Base */ = {isa = PBXFileReference; lastKnownFileType = file.storyboard; name = Base; path = Base.lproj/Main_iPhone.storyboard; sourceTree = "<group>"; };
		1737D6AF185A079C00AF9774 /* Base */ = {isa = PBXFileReference; lastKnownFileType = file.storyboard; name = Base; path = Base.lproj/Main_iPad.storyboard; sourceTree = "<group>"; };
		1737D6B1185A079C00AF9774 /* CWViewController.h */ = {isa = PBXFileReference; lastKnownFileType = sourcecode.c.h; path = CWViewController.h; sourceTree = "<group>"; };
		1737D6B2185A079C00AF9774 /* CWViewController.m */ = {isa = PBXFileReference; lastKnownFileType = sourcecode.c.objc; path = CWViewController.m; sourceTree = "<group>"; };
		1737D6B4185A079C00AF9774 /* Images.xcassets */ = {isa = PBXFileReference; lastKnownFileType = folder.assetcatalog; path = Images.xcassets; sourceTree = "<group>"; };
		1737D6BA185A079C00AF9774 /* Objc_Playground_iOSTests.xctest */ = {isa = PBXFileReference; explicitFileType = wrapper.cfbundle; includeInIndex = 0; path = Objc_Playground_iOSTests.xctest; sourceTree = BUILT_PRODUCTS_DIR; };
		1737D6BB185A079C00AF9774 /* XCTest.framework */ = {isa = PBXFileReference; lastKnownFileType = wrapper.framework; name = XCTest.framework; path = Library/Frameworks/XCTest.framework; sourceTree = DEVELOPER_DIR; };
		1737D6C3185A079C00AF9774 /* Objc_Playground_iOSTests-Info.plist */ = {isa = PBXFileReference; lastKnownFileType = text.plist.xml; path = "Objc_Playground_iOSTests-Info.plist"; sourceTree = "<group>"; };
		1737D6C5185A079C00AF9774 /* en */ = {isa = PBXFileReference; lastKnownFileType = text.plist.strings; name = en; path = en.lproj/InfoPlist.strings; sourceTree = "<group>"; };
		1737D6C7185A079C00AF9774 /* Objc_Playground_iOSTests.m */ = {isa = PBXFileReference; lastKnownFileType = sourcecode.c.objc; path = Objc_Playground_iOSTests.m; sourceTree = "<group>"; };
		176DC48918288829000ECCCD /* Cocoa.framework */ = {isa = PBXFileReference; lastKnownFileType = wrapper.framework; name = Cocoa.framework; path = System/Library/Frameworks/Cocoa.framework; sourceTree = SDKROOT; };
		1794568B182F14250052E113 /* libSpecta-iOS.a */ = {isa = PBXFileReference; lastKnownFileType = archive.ar; name = "libSpecta-iOS.a"; path = "External/Specta/libSpecta-iOS.a"; sourceTree = SOURCE_ROOT; };
		1794568C182F14250052E113 /* libSpecta-OSX.a */ = {isa = PBXFileReference; lastKnownFileType = archive.ar; name = "libSpecta-OSX.a"; path = "External/Specta/libSpecta-OSX.a"; sourceTree = SOURCE_ROOT; };
		1794568D182F14250052E113 /* SPTNestedReporter.h */ = {isa = PBXFileReference; fileEncoding = 4; lastKnownFileType = sourcecode.c.h; name = SPTNestedReporter.h; path = External/Specta/SPTNestedReporter.h; sourceTree = SOURCE_ROOT; };
		1794568E182F14250052E113 /* SPTReporter.h */ = {isa = PBXFileReference; fileEncoding = 4; lastKnownFileType = sourcecode.c.h; name = SPTReporter.h; path = External/Specta/SPTReporter.h; sourceTree = SOURCE_ROOT; };
		1794568F182F14250052E113 /* SPTXCTestCase.h */ = {isa = PBXFileReference; fileEncoding = 4; lastKnownFileType = sourcecode.c.h; name = SPTXCTestCase.h; path = External/Specta/SPTXCTestCase.h; sourceTree = SOURCE_ROOT; };
		17945690182F14250052E113 /* SPTXCTestInvocation.h */ = {isa = PBXFileReference; fileEncoding = 4; lastKnownFileType = sourcecode.c.h; name = SPTXCTestInvocation.h; path = External/Specta/SPTXCTestInvocation.h; sourceTree = SOURCE_ROOT; };
		17945691182F14250052E113 /* SPTXCTestReporter.h */ = {isa = PBXFileReference; fileEncoding = 4; lastKnownFileType = sourcecode.c.h; name = SPTXCTestReporter.h; path = External/Specta/SPTXCTestReporter.h; sourceTree = SOURCE_ROOT; };
		17945692182F14250052E113 /* XCTestCase+Specta.h */ = {isa = PBXFileReference; fileEncoding = 4; lastKnownFileType = sourcecode.c.h; name = "XCTestCase+Specta.h"; path = "External/Specta/XCTestCase+Specta.h"; sourceTree = SOURCE_ROOT; };
		17945693182F14250052E113 /* XCTestLog+Specta.h */ = {isa = PBXFileReference; fileEncoding = 4; lastKnownFileType = sourcecode.c.h; name = "XCTestLog+Specta.h"; path = "External/Specta/XCTestLog+Specta.h"; sourceTree = SOURCE_ROOT; };
		17945694182F14250052E113 /* XCTestRun+Specta.h */ = {isa = PBXFileReference; fileEncoding = 4; lastKnownFileType = sourcecode.c.h; name = "XCTestRun+Specta.h"; path = "External/Specta/XCTestRun+Specta.h"; sourceTree = SOURCE_ROOT; };
		17F6485118411B4800028065 /* CWPriorityQueue2.h */ = {isa = PBXFileReference; fileEncoding = 4; lastKnownFileType = sourcecode.c.h; path = CWPriorityQueue2.h; sourceTree = "<group>"; };
		17F6485218411B4800028065 /* CWPriorityQueue2.m */ = {isa = PBXFileReference; fileEncoding = 4; lastKnownFileType = sourcecode.c.objc; path = CWPriorityQueue2.m; sourceTree = "<group>"; };
		17F64859184267D300028065 /* CWPriorityQueue2Tests.m */ = {isa = PBXFileReference; fileEncoding = 4; lastKnownFileType = sourcecode.c.objc; path = CWPriorityQueue2Tests.m; sourceTree = "<group>"; };
		B81F415D177F50F800ABED6D /* CWLogging.h */ = {isa = PBXFileReference; fileEncoding = 4; lastKnownFileType = sourcecode.c.h; name = CWLogging.h; path = ../External/CWLogging/CWLogging.h; sourceTree = "<group>"; };
		B81F415E177F50F800ABED6D /* CWLogging.m */ = {isa = PBXFileReference; fileEncoding = 4; lastKnownFileType = sourcecode.c.objc; name = CWLogging.m; path = ../External/CWLogging/CWLogging.m; sourceTree = "<group>"; };
		B81F4160177F511900ABED6D /* CWLoggingTests.h */ = {isa = PBXFileReference; fileEncoding = 4; lastKnownFileType = sourcecode.c.h; name = CWLoggingTests.h; path = External/CWLogging/CWLoggingTests.h; sourceTree = SOURCE_ROOT; };
		B81F4161177F511900ABED6D /* CWLoggingTests.m */ = {isa = PBXFileReference; fileEncoding = 4; lastKnownFileType = sourcecode.c.objc; name = CWLoggingTests.m; path = External/CWLogging/CWLoggingTests.m; sourceTree = SOURCE_ROOT; };
		B83C4B1616DE78400011506D /* EXPBackwardCompatibility.h */ = {isa = PBXFileReference; fileEncoding = 4; lastKnownFileType = sourcecode.c.h; name = EXPBackwardCompatibility.h; path = External/Expecta/EXPBackwardCompatibility.h; sourceTree = SOURCE_ROOT; };
		B83C4B1716DE78400011506D /* EXPBlockDefinedMatcher.h */ = {isa = PBXFileReference; fileEncoding = 4; lastKnownFileType = sourcecode.c.h; name = EXPBlockDefinedMatcher.h; path = External/Expecta/EXPBlockDefinedMatcher.h; sourceTree = SOURCE_ROOT; };
		B83C4B1816DE78400011506D /* EXPDefines.h */ = {isa = PBXFileReference; fileEncoding = 4; lastKnownFileType = sourcecode.c.h; name = EXPDefines.h; path = External/Expecta/EXPDefines.h; sourceTree = SOURCE_ROOT; };
		B83C4B1916DE78400011506D /* EXPDoubleTuple.h */ = {isa = PBXFileReference; fileEncoding = 4; lastKnownFileType = sourcecode.c.h; name = EXPDoubleTuple.h; path = External/Expecta/EXPDoubleTuple.h; sourceTree = SOURCE_ROOT; };
		B83C4B1A16DE78400011506D /* Expecta.h */ = {isa = PBXFileReference; fileEncoding = 4; lastKnownFileType = sourcecode.c.h; name = Expecta.h; path = External/Expecta/Expecta.h; sourceTree = SOURCE_ROOT; };
		B83C4B1B16DE78400011506D /* ExpectaSupport.h */ = {isa = PBXFileReference; fileEncoding = 4; lastKnownFileType = sourcecode.c.h; name = ExpectaSupport.h; path = External/Expecta/ExpectaSupport.h; sourceTree = SOURCE_ROOT; };
		B83C4B1C16DE78400011506D /* EXPExpect.h */ = {isa = PBXFileReference; fileEncoding = 4; lastKnownFileType = sourcecode.c.h; name = EXPExpect.h; path = External/Expecta/EXPExpect.h; sourceTree = SOURCE_ROOT; };
		B83C4B1D16DE78400011506D /* EXPFloatTuple.h */ = {isa = PBXFileReference; fileEncoding = 4; lastKnownFileType = sourcecode.c.h; name = EXPFloatTuple.h; path = External/Expecta/EXPFloatTuple.h; sourceTree = SOURCE_ROOT; };
		B83C4B1E16DE78400011506D /* EXPMatcher.h */ = {isa = PBXFileReference; fileEncoding = 4; lastKnownFileType = sourcecode.c.h; name = EXPMatcher.h; path = External/Expecta/EXPMatcher.h; sourceTree = SOURCE_ROOT; };
		B83C4B1F16DE78400011506D /* EXPMatcherHelpers.h */ = {isa = PBXFileReference; fileEncoding = 4; lastKnownFileType = sourcecode.c.h; name = EXPMatcherHelpers.h; path = External/Expecta/EXPMatcherHelpers.h; sourceTree = SOURCE_ROOT; };
		B83C4B2016DE78400011506D /* EXPMatchers.h */ = {isa = PBXFileReference; fileEncoding = 4; lastKnownFileType = sourcecode.c.h; name = EXPMatchers.h; path = External/Expecta/EXPMatchers.h; sourceTree = SOURCE_ROOT; };
		B83C4B2116DE78400011506D /* EXPMatchers+beCloseTo.h */ = {isa = PBXFileReference; fileEncoding = 4; lastKnownFileType = sourcecode.c.h; name = "EXPMatchers+beCloseTo.h"; path = "External/Expecta/EXPMatchers+beCloseTo.h"; sourceTree = SOURCE_ROOT; };
		B83C4B2216DE78400011506D /* EXPMatchers+beFalsy.h */ = {isa = PBXFileReference; fileEncoding = 4; lastKnownFileType = sourcecode.c.h; name = "EXPMatchers+beFalsy.h"; path = "External/Expecta/EXPMatchers+beFalsy.h"; sourceTree = SOURCE_ROOT; };
		B83C4B2316DE78400011506D /* EXPMatchers+beGreaterThan.h */ = {isa = PBXFileReference; fileEncoding = 4; lastKnownFileType = sourcecode.c.h; name = "EXPMatchers+beGreaterThan.h"; path = "External/Expecta/EXPMatchers+beGreaterThan.h"; sourceTree = SOURCE_ROOT; };
		B83C4B2416DE78400011506D /* EXPMatchers+beGreaterThanOrEqualTo.h */ = {isa = PBXFileReference; fileEncoding = 4; lastKnownFileType = sourcecode.c.h; name = "EXPMatchers+beGreaterThanOrEqualTo.h"; path = "External/Expecta/EXPMatchers+beGreaterThanOrEqualTo.h"; sourceTree = SOURCE_ROOT; };
		B83C4B2516DE78400011506D /* EXPMatchers+beIdenticalTo.h */ = {isa = PBXFileReference; fileEncoding = 4; lastKnownFileType = sourcecode.c.h; name = "EXPMatchers+beIdenticalTo.h"; path = "External/Expecta/EXPMatchers+beIdenticalTo.h"; sourceTree = SOURCE_ROOT; };
		B83C4B2616DE78400011506D /* EXPMatchers+beInstanceOf.h */ = {isa = PBXFileReference; fileEncoding = 4; lastKnownFileType = sourcecode.c.h; name = "EXPMatchers+beInstanceOf.h"; path = "External/Expecta/EXPMatchers+beInstanceOf.h"; sourceTree = SOURCE_ROOT; };
		B83C4B2716DE78400011506D /* EXPMatchers+beInTheRangeOf.h */ = {isa = PBXFileReference; fileEncoding = 4; lastKnownFileType = sourcecode.c.h; name = "EXPMatchers+beInTheRangeOf.h"; path = "External/Expecta/EXPMatchers+beInTheRangeOf.h"; sourceTree = SOURCE_ROOT; };
		B83C4B2816DE78400011506D /* EXPMatchers+beKindOf.h */ = {isa = PBXFileReference; fileEncoding = 4; lastKnownFileType = sourcecode.c.h; name = "EXPMatchers+beKindOf.h"; path = "External/Expecta/EXPMatchers+beKindOf.h"; sourceTree = SOURCE_ROOT; };
		B83C4B2916DE78400011506D /* EXPMatchers+beLessThan.h */ = {isa = PBXFileReference; fileEncoding = 4; lastKnownFileType = sourcecode.c.h; name = "EXPMatchers+beLessThan.h"; path = "External/Expecta/EXPMatchers+beLessThan.h"; sourceTree = SOURCE_ROOT; };
		B83C4B2A16DE78400011506D /* EXPMatchers+beLessThanOrEqualTo.h */ = {isa = PBXFileReference; fileEncoding = 4; lastKnownFileType = sourcecode.c.h; name = "EXPMatchers+beLessThanOrEqualTo.h"; path = "External/Expecta/EXPMatchers+beLessThanOrEqualTo.h"; sourceTree = SOURCE_ROOT; };
		B83C4B2B16DE78400011506D /* EXPMatchers+beNil.h */ = {isa = PBXFileReference; fileEncoding = 4; lastKnownFileType = sourcecode.c.h; name = "EXPMatchers+beNil.h"; path = "External/Expecta/EXPMatchers+beNil.h"; sourceTree = SOURCE_ROOT; };
		B83C4B2C16DE78400011506D /* EXPMatchers+beSubclassOf.h */ = {isa = PBXFileReference; fileEncoding = 4; lastKnownFileType = sourcecode.c.h; name = "EXPMatchers+beSubclassOf.h"; path = "External/Expecta/EXPMatchers+beSubclassOf.h"; sourceTree = SOURCE_ROOT; };
		B83C4B2D16DE78400011506D /* EXPMatchers+beTruthy.h */ = {isa = PBXFileReference; fileEncoding = 4; lastKnownFileType = sourcecode.c.h; name = "EXPMatchers+beTruthy.h"; path = "External/Expecta/EXPMatchers+beTruthy.h"; sourceTree = SOURCE_ROOT; };
		B83C4B2E16DE78400011506D /* EXPMatchers+contain.h */ = {isa = PBXFileReference; fileEncoding = 4; lastKnownFileType = sourcecode.c.h; name = "EXPMatchers+contain.h"; path = "External/Expecta/EXPMatchers+contain.h"; sourceTree = SOURCE_ROOT; };
		B83C4B2F16DE78400011506D /* EXPMatchers+equal.h */ = {isa = PBXFileReference; fileEncoding = 4; lastKnownFileType = sourcecode.c.h; name = "EXPMatchers+equal.h"; path = "External/Expecta/EXPMatchers+equal.h"; sourceTree = SOURCE_ROOT; };
		B83C4B3016DE78400011506D /* EXPMatchers+haveCountOf.h */ = {isa = PBXFileReference; fileEncoding = 4; lastKnownFileType = sourcecode.c.h; name = "EXPMatchers+haveCountOf.h"; path = "External/Expecta/EXPMatchers+haveCountOf.h"; sourceTree = SOURCE_ROOT; };
		B83C4B3116DE78400011506D /* EXPMatchers+raise.h */ = {isa = PBXFileReference; fileEncoding = 4; lastKnownFileType = sourcecode.c.h; name = "EXPMatchers+raise.h"; path = "External/Expecta/EXPMatchers+raise.h"; sourceTree = SOURCE_ROOT; };
		B83C4B3216DE78400011506D /* EXPMatchers+raiseWithReason.h */ = {isa = PBXFileReference; fileEncoding = 4; lastKnownFileType = sourcecode.c.h; name = "EXPMatchers+raiseWithReason.h"; path = "External/Expecta/EXPMatchers+raiseWithReason.h"; sourceTree = SOURCE_ROOT; };
		B83C4B3316DE78400011506D /* EXPUnsupportedObject.h */ = {isa = PBXFileReference; fileEncoding = 4; lastKnownFileType = sourcecode.c.h; name = EXPUnsupportedObject.h; path = External/Expecta/EXPUnsupportedObject.h; sourceTree = SOURCE_ROOT; };
		B83C4B3416DE78400011506D /* libExpecta-macosx.a */ = {isa = PBXFileReference; lastKnownFileType = archive.ar; name = "libExpecta-macosx.a"; path = "External/Expecta/libExpecta-macosx.a"; sourceTree = SOURCE_ROOT; };
		B83C4B3516DE78400011506D /* NSObject+Expecta.h */ = {isa = PBXFileReference; fileEncoding = 4; lastKnownFileType = sourcecode.c.h; name = "NSObject+Expecta.h"; path = "External/Expecta/NSObject+Expecta.h"; sourceTree = SOURCE_ROOT; };
		B83C4B3616DE78400011506D /* NSValue+Expecta.h */ = {isa = PBXFileReference; fileEncoding = 4; lastKnownFileType = sourcecode.c.h; name = "NSValue+Expecta.h"; path = "External/Expecta/NSValue+Expecta.h"; sourceTree = SOURCE_ROOT; };
		B83C4B3A16DE785C0011506D /* Specta.h */ = {isa = PBXFileReference; fileEncoding = 4; lastKnownFileType = sourcecode.c.h; name = Specta.h; path = External/Specta/Specta.h; sourceTree = SOURCE_ROOT; };
		B83C4B3B16DE785C0011506D /* SpectaSupport.h */ = {isa = PBXFileReference; fileEncoding = 4; lastKnownFileType = sourcecode.c.h; name = SpectaSupport.h; path = External/Specta/SpectaSupport.h; sourceTree = SOURCE_ROOT; };
		B83C4B3C16DE785C0011506D /* SpectaTypes.h */ = {isa = PBXFileReference; fileEncoding = 4; lastKnownFileType = sourcecode.c.h; name = SpectaTypes.h; path = External/Specta/SpectaTypes.h; sourceTree = SOURCE_ROOT; };
		B83C4B3D16DE785C0011506D /* SpectaUtility.h */ = {isa = PBXFileReference; fileEncoding = 4; lastKnownFileType = sourcecode.c.h; name = SpectaUtility.h; path = External/Specta/SpectaUtility.h; sourceTree = SOURCE_ROOT; };
		B83C4B3E16DE785C0011506D /* SPTExample.h */ = {isa = PBXFileReference; fileEncoding = 4; lastKnownFileType = sourcecode.c.h; name = SPTExample.h; path = External/Specta/SPTExample.h; sourceTree = SOURCE_ROOT; };
		B83C4B3F16DE785C0011506D /* SPTExampleGroup.h */ = {isa = PBXFileReference; fileEncoding = 4; lastKnownFileType = sourcecode.c.h; name = SPTExampleGroup.h; path = External/Specta/SPTExampleGroup.h; sourceTree = SOURCE_ROOT; };
		B83C4B4216DE785C0011506D /* SPTSharedExampleGroups.h */ = {isa = PBXFileReference; fileEncoding = 4; lastKnownFileType = sourcecode.c.h; name = SPTSharedExampleGroups.h; path = External/Specta/SPTSharedExampleGroups.h; sourceTree = SOURCE_ROOT; };
		B83C4B4316DE785C0011506D /* SPTSpec.h */ = {isa = PBXFileReference; fileEncoding = 4; lastKnownFileType = sourcecode.c.h; name = SPTSpec.h; path = External/Specta/SPTSpec.h; sourceTree = SOURCE_ROOT; };
		B84E0479178DBBFB00E272D6 /* CWBinaryHeap.h */ = {isa = PBXFileReference; fileEncoding = 4; lastKnownFileType = sourcecode.c.h; path = CWBinaryHeap.h; sourceTree = "<group>"; };
		B84E047A178DBBFB00E272D6 /* CWBinaryHeap.m */ = {isa = PBXFileReference; fileEncoding = 4; lastKnownFileType = sourcecode.c.objc; path = CWBinaryHeap.m; sourceTree = "<group>"; };
		B850337A1764D75C00B17D1B /* CWFuture.h */ = {isa = PBXFileReference; fileEncoding = 4; lastKnownFileType = sourcecode.c.h; name = CWFuture.h; path = External/CWFuture/CWFuture.h; sourceTree = SOURCE_ROOT; };
		B850337B1764D75C00B17D1B /* CWFuture.m */ = {isa = PBXFileReference; fileEncoding = 4; lastKnownFileType = sourcecode.c.objc; name = CWFuture.m; path = External/CWFuture/CWFuture.m; sourceTree = SOURCE_ROOT; };
		B85033811764D76C00B17D1B /* CWFutureTests.h */ = {isa = PBXFileReference; fileEncoding = 4; lastKnownFileType = sourcecode.c.h; name = CWFutureTests.h; path = External/CWFuture/CWFutureTests.h; sourceTree = SOURCE_ROOT; };
		B85033821764D76C00B17D1B /* CWFutureTests.m */ = {isa = PBXFileReference; fileEncoding = 4; lastKnownFileType = sourcecode.c.objc; name = CWFutureTests.m; path = External/CWFuture/CWFutureTests.m; sourceTree = SOURCE_ROOT; };
		B85EE751163AECB000265870 /* ObjC_Playground */ = {isa = PBXFileReference; explicitFileType = "compiled.mach-o.executable"; includeInIndex = 0; path = ObjC_Playground; sourceTree = BUILT_PRODUCTS_DIR; };
		B85EE755163AECB000265870 /* Foundation.framework */ = {isa = PBXFileReference; lastKnownFileType = wrapper.framework; name = Foundation.framework; path = System/Library/Frameworks/Foundation.framework; sourceTree = SDKROOT; };
		B85EE758163AECB000265870 /* main.m */ = {isa = PBXFileReference; lastKnownFileType = sourcecode.c.objc; path = main.m; sourceTree = "<group>"; };
		B85EE75B163AECB000265870 /* ObjC_Playground-Prefix.pch */ = {isa = PBXFileReference; lastKnownFileType = sourcecode.c.h; path = "ObjC_Playground-Prefix.pch"; sourceTree = "<group>"; };
		B85EE75C163AECB000265870 /* ObjC_Playground.1 */ = {isa = PBXFileReference; lastKnownFileType = text.man; path = ObjC_Playground.1; sourceTree = "<group>"; };
		B85EE766163AF96700265870 /* Zangetsu.xcodeproj */ = {isa = PBXFileReference; lastKnownFileType = "wrapper.pb-project"; name = Zangetsu.xcodeproj; path = ../Zangetsu/Zangetsu.xcodeproj; sourceTree = "<group>"; };
		B85EE77D163B277200265870 /* ObjC_PlaygroundTests.xctest */ = {isa = PBXFileReference; explicitFileType = wrapper.cfbundle; includeInIndex = 0; path = ObjC_PlaygroundTests.xctest; sourceTree = BUILT_PRODUCTS_DIR; };
		B85EE77E163B277200265870 /* SenTestingKit.framework */ = {isa = PBXFileReference; lastKnownFileType = wrapper.framework; name = SenTestingKit.framework; path = Library/Frameworks/SenTestingKit.framework; sourceTree = DEVELOPER_DIR; };
		B85EE780163B277300265870 /* Cocoa.framework */ = {isa = PBXFileReference; lastKnownFileType = wrapper.framework; name = Cocoa.framework; path = Library/Frameworks/Cocoa.framework; sourceTree = DEVELOPER_DIR; };
		B85EE783163B277300265870 /* AppKit.framework */ = {isa = PBXFileReference; lastKnownFileType = wrapper.framework; name = AppKit.framework; path = Library/Frameworks/AppKit.framework; sourceTree = SDKROOT; };
		B85EE784163B277300265870 /* CoreData.framework */ = {isa = PBXFileReference; lastKnownFileType = wrapper.framework; name = CoreData.framework; path = Library/Frameworks/CoreData.framework; sourceTree = SDKROOT; };
		B85EE785163B277300265870 /* Foundation.framework */ = {isa = PBXFileReference; lastKnownFileType = wrapper.framework; name = Foundation.framework; path = Library/Frameworks/Foundation.framework; sourceTree = SDKROOT; };
		B85EE788163B277300265870 /* ObjC_PlaygroundTests-Info.plist */ = {isa = PBXFileReference; lastKnownFileType = text.plist.xml; path = "ObjC_PlaygroundTests-Info.plist"; sourceTree = "<group>"; };
		B85EE78A163B277300265870 /* en */ = {isa = PBXFileReference; lastKnownFileType = text.plist.strings; name = en; path = en.lproj/InfoPlist.strings; sourceTree = "<group>"; };
		B85EE78F163B277300265870 /* ObjC_PlaygroundTests-Prefix.pch */ = {isa = PBXFileReference; lastKnownFileType = sourcecode.c.h; path = "ObjC_PlaygroundTests-Prefix.pch"; sourceTree = "<group>"; };
		B8A2FA1D180D825A00DA2C2E /* CWTree2Tests.m */ = {isa = PBXFileReference; fileEncoding = 4; lastKnownFileType = sourcecode.c.objc; path = CWTree2Tests.m; sourceTree = "<group>"; };
		B8AF363E1790526900988248 /* CWBinaryHeapTests.m */ = {isa = PBXFileReference; fileEncoding = 4; lastKnownFileType = sourcecode.c.objc; path = CWBinaryHeapTests.m; sourceTree = "<group>"; };
		B8C9BC5717B7DFC200679B86 /* CWTree2.h */ = {isa = PBXFileReference; fileEncoding = 4; lastKnownFileType = sourcecode.c.h; path = CWTree2.h; sourceTree = "<group>"; };
		B8C9BC5817B7DFC200679B86 /* CWTree2.m */ = {isa = PBXFileReference; fileEncoding = 4; lastKnownFileType = sourcecode.c.objc; path = CWTree2.m; sourceTree = "<group>"; };
		B8DDA33418030B9000285F60 /* CWBinaryHeap_Private.h */ = {isa = PBXFileReference; fileEncoding = 4; lastKnownFileType = sourcecode.c.h; path = CWBinaryHeap_Private.h; sourceTree = "<group>"; };
/* End PBXFileReference section */

/* Begin PBXFrameworksBuildPhase section */
		1737D696185A079C00AF9774 /* Frameworks */ = {
			isa = PBXFrameworksBuildPhase;
			buildActionMask = 2147483647;
			files = (
				1737D69C185A079C00AF9774 /* CoreGraphics.framework in Frameworks */,
				1737D69E185A079C00AF9774 /* UIKit.framework in Frameworks */,
				1737D69A185A079C00AF9774 /* Foundation.framework in Frameworks */,
			);
			runOnlyForDeploymentPostprocessing = 0;
		};
		1737D6B7185A079C00AF9774 /* Frameworks */ = {
			isa = PBXFrameworksBuildPhase;
			buildActionMask = 2147483647;
			files = (
				1737D6BC185A079C00AF9774 /* XCTest.framework in Frameworks */,
				1737D6BE185A079C00AF9774 /* UIKit.framework in Frameworks */,
				1737D6BD185A079C00AF9774 /* Foundation.framework in Frameworks */,
			);
			runOnlyForDeploymentPostprocessing = 0;
		};
		B85EE74E163AECB000265870 /* Frameworks */ = {
			isa = PBXFrameworksBuildPhase;
			buildActionMask = 2147483647;
			files = (
				B8F28C6C1641F78C00BA8497 /* Zangetsu.framework in Frameworks */,
				B85EE756163AECB000265870 /* Foundation.framework in Frameworks */,
			);
			runOnlyForDeploymentPostprocessing = 0;
		};
		B85EE779163B277200265870 /* Frameworks */ = {
			isa = PBXFrameworksBuildPhase;
			buildActionMask = 2147483647;
			files = (
				17945696182F14250052E113 /* libSpecta-OSX.a in Frameworks */,
				176DC48A18288829000ECCCD /* Cocoa.framework in Frameworks */,
				B85EE77F163B277300265870 /* SenTestingKit.framework in Frameworks */,
				B83C4B3716DE78400011506D /* libExpecta-macosx.a in Frameworks */,
				B85EE7CF163CDB6900265870 /* Zangetsu.framework in Frameworks */,
			);
			runOnlyForDeploymentPostprocessing = 0;
		};
/* End PBXFrameworksBuildPhase section */

/* Begin PBXGroup section */
		1737D69F185A079C00AF9774 /* Objc_Playground_iOS */ = {
			isa = PBXGroup;
			children = (
				1737D6A8185A079C00AF9774 /* CWAppDelegate.h */,
				1737D6A9185A079C00AF9774 /* CWAppDelegate.m */,
				1737D6AB185A079C00AF9774 /* Main_iPhone.storyboard */,
				1737D6AE185A079C00AF9774 /* Main_iPad.storyboard */,
				1737D6B1185A079C00AF9774 /* CWViewController.h */,
				1737D6B2185A079C00AF9774 /* CWViewController.m */,
				1737D6B4185A079C00AF9774 /* Images.xcassets */,
				1737D6A0185A079C00AF9774 /* Supporting Files */,
			);
			path = Objc_Playground_iOS;
			sourceTree = "<group>";
		};
		1737D6A0185A079C00AF9774 /* Supporting Files */ = {
			isa = PBXGroup;
			children = (
				1737D6A1185A079C00AF9774 /* Objc_Playground_iOS-Info.plist */,
				1737D6A2185A079C00AF9774 /* InfoPlist.strings */,
				1737D6A5185A079C00AF9774 /* main.m */,
				1737D6A7185A079C00AF9774 /* Objc_Playground_iOS-Prefix.pch */,
			);
			name = "Supporting Files";
			sourceTree = "<group>";
		};
		1737D6C1185A079C00AF9774 /* Objc_Playground_iOSTests */ = {
			isa = PBXGroup;
			children = (
				1737D6C7185A079C00AF9774 /* Objc_Playground_iOSTests.m */,
				1737D6C2185A079C00AF9774 /* Supporting Files */,
			);
			path = Objc_Playground_iOSTests;
			sourceTree = "<group>";
		};
		1737D6C2185A079C00AF9774 /* Supporting Files */ = {
			isa = PBXGroup;
			children = (
				1737D6C3185A079C00AF9774 /* Objc_Playground_iOSTests-Info.plist */,
				1737D6C4185A079C00AF9774 /* InfoPlist.strings */,
			);
			name = "Supporting Files";
			sourceTree = "<group>";
		};
		B83C4B1416DE780F0011506D /* External */ = {
			isa = PBXGroup;
			children = (
				B8660D4B1783A55800B08CEF /* CWFuture */,
				B8660D501783A56600B08CEF /* CWLogging */,
				B83C4B3816DE78470011506D /* Specta */,
				B83C4B1516DE78160011506D /* Expecta */,
			);
			name = External;
			sourceTree = "<group>";
		};
		B83C4B1516DE78160011506D /* Expecta */ = {
			isa = PBXGroup;
			children = (
				B83C4B1616DE78400011506D /* EXPBackwardCompatibility.h */,
				B83C4B1716DE78400011506D /* EXPBlockDefinedMatcher.h */,
				B83C4B1816DE78400011506D /* EXPDefines.h */,
				B83C4B1916DE78400011506D /* EXPDoubleTuple.h */,
				B83C4B1A16DE78400011506D /* Expecta.h */,
				B83C4B1B16DE78400011506D /* ExpectaSupport.h */,
				B83C4B1C16DE78400011506D /* EXPExpect.h */,
				B83C4B1D16DE78400011506D /* EXPFloatTuple.h */,
				B83C4B1E16DE78400011506D /* EXPMatcher.h */,
				B83C4B1F16DE78400011506D /* EXPMatcherHelpers.h */,
				B83C4B2016DE78400011506D /* EXPMatchers.h */,
				B83C4B2116DE78400011506D /* EXPMatchers+beCloseTo.h */,
				B83C4B2216DE78400011506D /* EXPMatchers+beFalsy.h */,
				B83C4B2316DE78400011506D /* EXPMatchers+beGreaterThan.h */,
				B83C4B2416DE78400011506D /* EXPMatchers+beGreaterThanOrEqualTo.h */,
				B83C4B2516DE78400011506D /* EXPMatchers+beIdenticalTo.h */,
				B83C4B2616DE78400011506D /* EXPMatchers+beInstanceOf.h */,
				B83C4B2716DE78400011506D /* EXPMatchers+beInTheRangeOf.h */,
				B83C4B2816DE78400011506D /* EXPMatchers+beKindOf.h */,
				B83C4B2916DE78400011506D /* EXPMatchers+beLessThan.h */,
				B83C4B2A16DE78400011506D /* EXPMatchers+beLessThanOrEqualTo.h */,
				B83C4B2B16DE78400011506D /* EXPMatchers+beNil.h */,
				B83C4B2C16DE78400011506D /* EXPMatchers+beSubclassOf.h */,
				B83C4B2D16DE78400011506D /* EXPMatchers+beTruthy.h */,
				B83C4B2E16DE78400011506D /* EXPMatchers+contain.h */,
				B83C4B2F16DE78400011506D /* EXPMatchers+equal.h */,
				B83C4B3016DE78400011506D /* EXPMatchers+haveCountOf.h */,
				B83C4B3116DE78400011506D /* EXPMatchers+raise.h */,
				B83C4B3216DE78400011506D /* EXPMatchers+raiseWithReason.h */,
				B83C4B3316DE78400011506D /* EXPUnsupportedObject.h */,
				B83C4B3416DE78400011506D /* libExpecta-macosx.a */,
				B83C4B3516DE78400011506D /* NSObject+Expecta.h */,
				B83C4B3616DE78400011506D /* NSValue+Expecta.h */,
			);
			name = Expecta;
			sourceTree = "<group>";
		};
		B83C4B3816DE78470011506D /* Specta */ = {
			isa = PBXGroup;
			children = (
				1794568B182F14250052E113 /* libSpecta-iOS.a */,
				1794568C182F14250052E113 /* libSpecta-OSX.a */,
				1794568D182F14250052E113 /* SPTNestedReporter.h */,
				1794568E182F14250052E113 /* SPTReporter.h */,
				1794568F182F14250052E113 /* SPTXCTestCase.h */,
				17945690182F14250052E113 /* SPTXCTestInvocation.h */,
				17945691182F14250052E113 /* SPTXCTestReporter.h */,
				17945692182F14250052E113 /* XCTestCase+Specta.h */,
				17945693182F14250052E113 /* XCTestLog+Specta.h */,
				17945694182F14250052E113 /* XCTestRun+Specta.h */,
				B83C4B3A16DE785C0011506D /* Specta.h */,
				B83C4B3B16DE785C0011506D /* SpectaSupport.h */,
				B83C4B3C16DE785C0011506D /* SpectaTypes.h */,
				B83C4B3D16DE785C0011506D /* SpectaUtility.h */,
				B83C4B3E16DE785C0011506D /* SPTExample.h */,
				B83C4B3F16DE785C0011506D /* SPTExampleGroup.h */,
				B83C4B4216DE785C0011506D /* SPTSharedExampleGroups.h */,
				B83C4B4316DE785C0011506D /* SPTSpec.h */,
			);
			name = Specta;
			sourceTree = "<group>";
		};
		B85EE746163AECB000265870 = {
			isa = PBXGroup;
			children = (
				B85EE766163AF96700265870 /* Zangetsu.xcodeproj */,
				B85EE757163AECB000265870 /* ObjC_Playground */,
				B85EE786163B277300265870 /* ObjC_PlaygroundTests */,
				1737D69F185A079C00AF9774 /* Objc_Playground_iOS */,
				1737D6C1185A079C00AF9774 /* Objc_Playground_iOSTests */,
				B85EE754163AECB000265870 /* Frameworks */,
				B85EE752163AECB000265870 /* Products */,
			);
			sourceTree = "<group>";
		};
		B85EE752163AECB000265870 /* Products */ = {
			isa = PBXGroup;
			children = (
				B85EE751163AECB000265870 /* ObjC_Playground */,
				B85EE77D163B277200265870 /* ObjC_PlaygroundTests.xctest */,
				1737D699185A079C00AF9774 /* Objc_Playground_iOS.app */,
				1737D6BA185A079C00AF9774 /* Objc_Playground_iOSTests.xctest */,
			);
			name = Products;
			sourceTree = "<group>";
		};
		B85EE754163AECB000265870 /* Frameworks */ = {
			isa = PBXGroup;
			children = (
				176DC48918288829000ECCCD /* Cocoa.framework */,
				B85EE755163AECB000265870 /* Foundation.framework */,
				B85EE77E163B277200265870 /* SenTestingKit.framework */,
				B85EE780163B277300265870 /* Cocoa.framework */,
				1737D69B185A079C00AF9774 /* CoreGraphics.framework */,
				1737D69D185A079C00AF9774 /* UIKit.framework */,
				1737D6BB185A079C00AF9774 /* XCTest.framework */,
				B85EE782163B277300265870 /* Other Frameworks */,
			);
			name = Frameworks;
			sourceTree = "<group>";
		};
		B85EE757163AECB000265870 /* ObjC_Playground */ = {
			isa = PBXGroup;
			children = (
				B83C4B1416DE780F0011506D /* External */,
				B85EE758163AECB000265870 /* main.m */,
				B8DDA33418030B9000285F60 /* CWBinaryHeap_Private.h */,
				B84E0479178DBBFB00E272D6 /* CWBinaryHeap.h */,
				B84E047A178DBBFB00E272D6 /* CWBinaryHeap.m */,
				17F6485118411B4800028065 /* CWPriorityQueue2.h */,
				17F6485218411B4800028065 /* CWPriorityQueue2.m */,
				B8C9BC5717B7DFC200679B86 /* CWTree2.h */,
				B8C9BC5817B7DFC200679B86 /* CWTree2.m */,
				B85EE75C163AECB000265870 /* ObjC_Playground.1 */,
				B85EE75A163AECB000265870 /* Supporting Files */,
			);
			path = ObjC_Playground;
			sourceTree = "<group>";
		};
		B85EE75A163AECB000265870 /* Supporting Files */ = {
			isa = PBXGroup;
			children = (
				B85EE75B163AECB000265870 /* ObjC_Playground-Prefix.pch */,
			);
			name = "Supporting Files";
			sourceTree = "<group>";
		};
		B85EE767163AF96700265870 /* Products */ = {
			isa = PBXGroup;
			children = (
				B85EE771163AF96800265870 /* Zangetsu.framework */,
				B85EE773163AF96800265870 /* Unit Tests.xctest */,
				B85EE775163AF96800265870 /* libZangetsuTouch.a */,
				B85EE777163AF96800265870 /* ZangetsuTouchTests.octest */,
			);
			name = Products;
			sourceTree = "<group>";
		};
		B85EE782163B277300265870 /* Other Frameworks */ = {
			isa = PBXGroup;
			children = (
				B85EE783163B277300265870 /* AppKit.framework */,
				B85EE784163B277300265870 /* CoreData.framework */,
				B85EE785163B277300265870 /* Foundation.framework */,
			);
			name = "Other Frameworks";
			sourceTree = "<group>";
		};
		B85EE786163B277300265870 /* ObjC_PlaygroundTests */ = {
			isa = PBXGroup;
			children = (
				B8AF363E1790526900988248 /* CWBinaryHeapTests.m */,
				B8A2FA1D180D825A00DA2C2E /* CWTree2Tests.m */,
				17F64859184267D300028065 /* CWPriorityQueue2Tests.m */,
				B85EE787163B277300265870 /* Supporting Files */,
			);
			path = ObjC_PlaygroundTests;
			sourceTree = "<group>";
		};
		B85EE787163B277300265870 /* Supporting Files */ = {
			isa = PBXGroup;
			children = (
				B85EE788163B277300265870 /* ObjC_PlaygroundTests-Info.plist */,
				B85EE789163B277300265870 /* InfoPlist.strings */,
				B85EE78F163B277300265870 /* ObjC_PlaygroundTests-Prefix.pch */,
			);
			name = "Supporting Files";
			sourceTree = "<group>";
		};
		B8660D4B1783A55800B08CEF /* CWFuture */ = {
			isa = PBXGroup;
			children = (
				B850337A1764D75C00B17D1B /* CWFuture.h */,
				B850337B1764D75C00B17D1B /* CWFuture.m */,
				B85033811764D76C00B17D1B /* CWFutureTests.h */,
				B85033821764D76C00B17D1B /* CWFutureTests.m */,
			);
			name = CWFuture;
			sourceTree = "<group>";
		};
		B8660D501783A56600B08CEF /* CWLogging */ = {
			isa = PBXGroup;
			children = (
				B81F415D177F50F800ABED6D /* CWLogging.h */,
				B81F415E177F50F800ABED6D /* CWLogging.m */,
				B81F4160177F511900ABED6D /* CWLoggingTests.h */,
				B81F4161177F511900ABED6D /* CWLoggingTests.m */,
			);
			name = CWLogging;
			sourceTree = "<group>";
		};
/* End PBXGroup section */

/* Begin PBXNativeTarget section */
		1737D698185A079C00AF9774 /* Objc_Playground_iOS */ = {
			isa = PBXNativeTarget;
			buildConfigurationList = 1737D6C9185A079C00AF9774 /* Build configuration list for PBXNativeTarget "Objc_Playground_iOS" */;
			buildPhases = (
				1737D695185A079C00AF9774 /* Sources */,
				1737D696185A079C00AF9774 /* Frameworks */,
				1737D697185A079C00AF9774 /* Resources */,
			);
			buildRules = (
			);
			dependencies = (
			);
			name = Objc_Playground_iOS;
			productName = Objc_Playground_iOS;
			productReference = 1737D699185A079C00AF9774 /* Objc_Playground_iOS.app */;
			productType = "com.apple.product-type.application";
		};
		1737D6B9185A079C00AF9774 /* Objc_Playground_iOSTests */ = {
			isa = PBXNativeTarget;
			buildConfigurationList = 1737D6CC185A079C00AF9774 /* Build configuration list for PBXNativeTarget "Objc_Playground_iOSTests" */;
			buildPhases = (
				1737D6B6185A079C00AF9774 /* Sources */,
				1737D6B7185A079C00AF9774 /* Frameworks */,
				1737D6B8185A079C00AF9774 /* Resources */,
			);
			buildRules = (
			);
			dependencies = (
				1737D6C0185A079C00AF9774 /* PBXTargetDependency */,
			);
			name = Objc_Playground_iOSTests;
			productName = Objc_Playground_iOSTests;
			productReference = 1737D6BA185A079C00AF9774 /* Objc_Playground_iOSTests.xctest */;
			productType = "com.apple.product-type.bundle.unit-test";
		};
		B85EE750163AECB000265870 /* ObjC_Playground */ = {
			isa = PBXNativeTarget;
			buildConfigurationList = B85EE760163AECB000265870 /* Build configuration list for PBXNativeTarget "ObjC_Playground" */;
			buildPhases = (
				B85EE74D163AECB000265870 /* Sources */,
				B85EE74E163AECB000265870 /* Frameworks */,
				B85EE74F163AECB000265870 /* CopyFiles */,
			);
			buildRules = (
			);
			dependencies = (
			);
			name = ObjC_Playground;
			productName = ObjC_Playground;
			productReference = B85EE751163AECB000265870 /* ObjC_Playground */;
			productType = "com.apple.product-type.tool";
		};
		B85EE77C163B277200265870 /* ObjC_PlaygroundTests */ = {
			isa = PBXNativeTarget;
			buildConfigurationList = B85EE790163B277300265870 /* Build configuration list for PBXNativeTarget "ObjC_PlaygroundTests" */;
			buildPhases = (
				B85EE778163B277200265870 /* Sources */,
				B85EE779163B277200265870 /* Frameworks */,
				B85EE77A163B277200265870 /* Resources */,
				176DC48B18288915000ECCCD /* CopyFiles */,
				B85EE77B163B277200265870 /* ShellScript */,
			);
			buildRules = (
			);
			dependencies = (
				B8F28C331641BCA600BA8497 /* PBXTargetDependency */,
			);
			name = ObjC_PlaygroundTests;
			productName = ObjC_PlaygroundTests;
			productReference = B85EE77D163B277200265870 /* ObjC_PlaygroundTests.xctest */;
			productType = "com.apple.product-type.bundle";
		};
/* End PBXNativeTarget section */

/* Begin PBXProject section */
		B85EE748163AECB000265870 /* Project object */ = {
			isa = PBXProject;
			attributes = {
				LastUpgradeCheck = 0500;
				ORGANIZATIONNAME = "Colin Wheeler";
				TargetAttributes = {
					1737D6B9185A079C00AF9774 = {
						TestTargetID = 1737D698185A079C00AF9774;
					};
					B85EE77C163B277200265870 = {
						TestTargetID = B85EE750163AECB000265870;
					};
				};
			};
			buildConfigurationList = B85EE74B163AECB000265870 /* Build configuration list for PBXProject "ObjC_Playground" */;
			compatibilityVersion = "Xcode 3.2";
			developmentRegion = English;
			hasScannedForEncodings = 0;
			knownRegions = (
				en,
				Base,
			);
			mainGroup = B85EE746163AECB000265870;
			productRefGroup = B85EE752163AECB000265870 /* Products */;
			projectDirPath = "";
			projectReferences = (
				{
					ProductGroup = B85EE767163AF96700265870 /* Products */;
					ProjectRef = B85EE766163AF96700265870 /* Zangetsu.xcodeproj */;
				},
			);
			projectRoot = "";
			targets = (
				B85EE750163AECB000265870 /* ObjC_Playground */,
				B85EE77C163B277200265870 /* ObjC_PlaygroundTests */,
				1737D698185A079C00AF9774 /* Objc_Playground_iOS */,
				1737D6B9185A079C00AF9774 /* Objc_Playground_iOSTests */,
			);
		};
/* End PBXProject section */

/* Begin PBXReferenceProxy section */
		B85EE771163AF96800265870 /* Zangetsu.framework */ = {
			isa = PBXReferenceProxy;
			fileType = wrapper.framework;
			path = Zangetsu.framework;
			remoteRef = B85EE770163AF96800265870 /* PBXContainerItemProxy */;
			sourceTree = BUILT_PRODUCTS_DIR;
		};
		B85EE773163AF96800265870 /* Unit Tests.xctest */ = {
			isa = PBXReferenceProxy;
			fileType = wrapper.cfbundle;
			path = "Unit Tests.xctest";
			remoteRef = B85EE772163AF96800265870 /* PBXContainerItemProxy */;
			sourceTree = BUILT_PRODUCTS_DIR;
		};
		B85EE775163AF96800265870 /* libZangetsuTouch.a */ = {
			isa = PBXReferenceProxy;
			fileType = archive.ar;
			path = libZangetsuTouch.a;
			remoteRef = B85EE774163AF96800265870 /* PBXContainerItemProxy */;
			sourceTree = BUILT_PRODUCTS_DIR;
		};
		B85EE777163AF96800265870 /* ZangetsuTouchTests.octest */ = {
			isa = PBXReferenceProxy;
			fileType = wrapper.cfbundle;
			path = ZangetsuTouchTests.octest;
			remoteRef = B85EE776163AF96800265870 /* PBXContainerItemProxy */;
			sourceTree = BUILT_PRODUCTS_DIR;
		};
/* End PBXReferenceProxy section */

/* Begin PBXResourcesBuildPhase section */
		1737D697185A079C00AF9774 /* Resources */ = {
			isa = PBXResourcesBuildPhase;
			buildActionMask = 2147483647;
			files = (
				1737D6B0185A079C00AF9774 /* Main_iPad.storyboard in Resources */,
				1737D6B5185A079C00AF9774 /* Images.xcassets in Resources */,
				1737D6AD185A079C00AF9774 /* Main_iPhone.storyboard in Resources */,
				1737D6A4185A079C00AF9774 /* InfoPlist.strings in Resources */,
			);
			runOnlyForDeploymentPostprocessing = 0;
		};
		1737D6B8185A079C00AF9774 /* Resources */ = {
			isa = PBXResourcesBuildPhase;
			buildActionMask = 2147483647;
			files = (
				1737D6C6185A079C00AF9774 /* InfoPlist.strings in Resources */,
			);
			runOnlyForDeploymentPostprocessing = 0;
		};
		B85EE77A163B277200265870 /* Resources */ = {
			isa = PBXResourcesBuildPhase;
			buildActionMask = 2147483647;
			files = (
				B85EE78B163B277300265870 /* InfoPlist.strings in Resources */,
			);
			runOnlyForDeploymentPostprocessing = 0;
		};
/* End PBXResourcesBuildPhase section */

/* Begin PBXShellScriptBuildPhase section */
		B85EE77B163B277200265870 /* ShellScript */ = {
			isa = PBXShellScriptBuildPhase;
			buildActionMask = 2147483647;
			files = (
			);
			inputPaths = (
			);
			outputPaths = (
			);
			runOnlyForDeploymentPostprocessing = 0;
			shellPath = /bin/sh;
			shellScript = "# Run the unit tests in this test bundle.\n\"${SYSTEM_DEVELOPER_DIR}/Tools/RunUnitTests\"\n";
		};
/* End PBXShellScriptBuildPhase section */

/* Begin PBXSourcesBuildPhase section */
		1737D695185A079C00AF9774 /* Sources */ = {
			isa = PBXSourcesBuildPhase;
			buildActionMask = 2147483647;
			files = (
				1737D6AA185A079C00AF9774 /* CWAppDelegate.m in Sources */,
				1737D6A6185A079C00AF9774 /* main.m in Sources */,
				1737D6B3185A079C00AF9774 /* CWViewController.m in Sources */,
			);
			runOnlyForDeploymentPostprocessing = 0;
		};
		1737D6B6185A079C00AF9774 /* Sources */ = {
			isa = PBXSourcesBuildPhase;
			buildActionMask = 2147483647;
			files = (
				1737D6C8185A079C00AF9774 /* Objc_Playground_iOSTests.m in Sources */,
			);
			runOnlyForDeploymentPostprocessing = 0;
		};
		B85EE74D163AECB000265870 /* Sources */ = {
			isa = PBXSourcesBuildPhase;
			buildActionMask = 2147483647;
			files = (
				B85EE759163AECB000265870 /* main.m in Sources */,
				B850337C1764D75C00B17D1B /* CWFuture.m in Sources */,
				B81F415F177F50F800ABED6D /* CWLogging.m in Sources */,
				17F6485318411B4800028065 /* CWPriorityQueue2.m in Sources */,
				B84E047B178DBBFB00E272D6 /* CWBinaryHeap.m in Sources */,
				B8C9BC5917B7DFC200679B86 /* CWTree2.m in Sources */,
			);
			runOnlyForDeploymentPostprocessing = 0;
		};
		B85EE778163B277200265870 /* Sources */ = {
			isa = PBXSourcesBuildPhase;
			buildActionMask = 2147483647;
			files = (
				17F6485A184267D300028065 /* CWPriorityQueue2Tests.m in Sources */,
				B85033831764D76C00B17D1B /* CWFutureTests.m in Sources */,
				B8FDFEEF1766345000087D79 /* CWFuture.m in Sources */,
				B81F4162177F511900ABED6D /* CWLoggingTests.m in Sources */,
				B8AF363F1790526900988248 /* CWBinaryHeapTests.m in Sources */,
				B8AF3644179052CE00988248 /* CWBinaryHeap.m in Sources */,
				B8A2FA1E180D825A00DA2C2E /* CWTree2Tests.m in Sources */,
				B8A2FA23180D838C00DA2C2E /* CWTree2.m in Sources */,
				17F6485F184269D900028065 /* CWPriorityQueue2.m in Sources */,
			);
			runOnlyForDeploymentPostprocessing = 0;
		};
/* End PBXSourcesBuildPhase section */

/* Begin PBXTargetDependency section */
		1737D6C0185A079C00AF9774 /* PBXTargetDependency */ = {
			isa = PBXTargetDependency;
			target = 1737D698185A079C00AF9774 /* Objc_Playground_iOS */;
			targetProxy = 1737D6BF185A079C00AF9774 /* PBXContainerItemProxy */;
		};
		B8F28C331641BCA600BA8497 /* PBXTargetDependency */ = {
			isa = PBXTargetDependency;
			target = B85EE750163AECB000265870 /* ObjC_Playground */;
			targetProxy = B8F28C321641BCA600BA8497 /* PBXContainerItemProxy */;
		};
/* End PBXTargetDependency section */

/* Begin PBXVariantGroup section */
		1737D6A2185A079C00AF9774 /* InfoPlist.strings */ = {
			isa = PBXVariantGroup;
			children = (
				1737D6A3185A079C00AF9774 /* en */,
			);
			name = InfoPlist.strings;
			sourceTree = "<group>";
		};
		1737D6AB185A079C00AF9774 /* Main_iPhone.storyboard */ = {
			isa = PBXVariantGroup;
			children = (
				1737D6AC185A079C00AF9774 /* Base */,
			);
			name = Main_iPhone.storyboard;
			sourceTree = "<group>";
		};
		1737D6AE185A079C00AF9774 /* Main_iPad.storyboard */ = {
			isa = PBXVariantGroup;
			children = (
				1737D6AF185A079C00AF9774 /* Base */,
			);
			name = Main_iPad.storyboard;
			sourceTree = "<group>";
		};
		1737D6C4185A079C00AF9774 /* InfoPlist.strings */ = {
			isa = PBXVariantGroup;
			children = (
				1737D6C5185A079C00AF9774 /* en */,
			);
			name = InfoPlist.strings;
			sourceTree = "<group>";
		};
		B85EE789163B277300265870 /* InfoPlist.strings */ = {
			isa = PBXVariantGroup;
			children = (
				B85EE78A163B277300265870 /* en */,
			);
			name = InfoPlist.strings;
			sourceTree = "<group>";
		};
/* End PBXVariantGroup section */

/* Begin XCBuildConfiguration section */
		1737D6CA185A079C00AF9774 /* Debug */ = {
			isa = XCBuildConfiguration;
			buildSettings = {
				ARCHS = "$(ARCHS_STANDARD_INCLUDING_64_BIT)";
				ASSETCATALOG_COMPILER_APPICON_NAME = AppIcon;
				ASSETCATALOG_COMPILER_LAUNCHIMAGE_NAME = LaunchImage;
				CLANG_ENABLE_MODULES = YES;
				CLANG_WARN_BOOL_CONVERSION = YES;
				CLANG_WARN_CONSTANT_CONVERSION = YES;
				CLANG_WARN_DIRECT_OBJC_ISA_USAGE = YES_ERROR;
				CLANG_WARN_ENUM_CONVERSION = YES;
				CLANG_WARN_INT_CONVERSION = YES;
				CLANG_WARN_OBJC_ROOT_CLASS = YES_ERROR;
				"CODE_SIGN_IDENTITY[sdk=iphoneos*]" = "iPhone Developer";
				FRAMEWORK_SEARCH_PATHS = (
					"$(inherited)",
					"$(DEVELOPER_FRAMEWORKS_DIR)",
				);
				GCC_PRECOMPILE_PREFIX_HEADER = YES;
				GCC_PREFIX_HEADER = "Objc_Playground_iOS/Objc_Playground_iOS-Prefix.pch";
				GCC_PREPROCESSOR_DEFINITIONS = (
					"DEBUG=1",
					"$(inherited)",
				);
				GCC_WARN_ABOUT_RETURN_TYPE = YES_ERROR;
				GCC_WARN_UNDECLARED_SELECTOR = YES;
				GCC_WARN_UNUSED_FUNCTION = YES;
				INFOPLIST_FILE = "Objc_Playground_iOS/Objc_Playground_iOS-Info.plist";
				IPHONEOS_DEPLOYMENT_TARGET = 7.0;
				PRODUCT_NAME = "$(TARGET_NAME)";
				SDKROOT = iphoneos;
				TARGETED_DEVICE_FAMILY = "1,2";
				WRAPPER_EXTENSION = app;
			};
			name = Debug;
		};
		1737D6CB185A079C00AF9774 /* Release */ = {
			isa = XCBuildConfiguration;
			buildSettings = {
				ARCHS = "$(ARCHS_STANDARD_INCLUDING_64_BIT)";
				ASSETCATALOG_COMPILER_APPICON_NAME = AppIcon;
				ASSETCATALOG_COMPILER_LAUNCHIMAGE_NAME = LaunchImage;
				CLANG_ENABLE_MODULES = YES;
				CLANG_WARN_BOOL_CONVERSION = YES;
				CLANG_WARN_CONSTANT_CONVERSION = YES;
				CLANG_WARN_DIRECT_OBJC_ISA_USAGE = YES_ERROR;
				CLANG_WARN_ENUM_CONVERSION = YES;
				CLANG_WARN_INT_CONVERSION = YES;
				CLANG_WARN_OBJC_ROOT_CLASS = YES_ERROR;
				"CODE_SIGN_IDENTITY[sdk=iphoneos*]" = "iPhone Developer";
				ENABLE_NS_ASSERTIONS = NO;
				FRAMEWORK_SEARCH_PATHS = (
					"$(inherited)",
					"$(DEVELOPER_FRAMEWORKS_DIR)",
				);
				GCC_PRECOMPILE_PREFIX_HEADER = YES;
				GCC_PREFIX_HEADER = "Objc_Playground_iOS/Objc_Playground_iOS-Prefix.pch";
				GCC_WARN_ABOUT_RETURN_TYPE = YES_ERROR;
				GCC_WARN_UNDECLARED_SELECTOR = YES;
				GCC_WARN_UNUSED_FUNCTION = YES;
				INFOPLIST_FILE = "Objc_Playground_iOS/Objc_Playground_iOS-Info.plist";
				IPHONEOS_DEPLOYMENT_TARGET = 7.0;
				PRODUCT_NAME = "$(TARGET_NAME)";
				SDKROOT = iphoneos;
				TARGETED_DEVICE_FAMILY = "1,2";
				VALIDATE_PRODUCT = YES;
				WRAPPER_EXTENSION = app;
			};
			name = Release;
		};
		1737D6CD185A079C00AF9774 /* Debug */ = {
			isa = XCBuildConfiguration;
			buildSettings = {
				ARCHS = "$(ARCHS_STANDARD_INCLUDING_64_BIT)";
				BUNDLE_LOADER = "$(BUILT_PRODUCTS_DIR)/Objc_Playground_iOS.app/Objc_Playground_iOS";
				CLANG_ENABLE_MODULES = YES;
				CLANG_WARN_BOOL_CONVERSION = YES;
				CLANG_WARN_CONSTANT_CONVERSION = YES;
				CLANG_WARN_DIRECT_OBJC_ISA_USAGE = YES_ERROR;
				CLANG_WARN_ENUM_CONVERSION = YES;
				CLANG_WARN_INT_CONVERSION = YES;
				CLANG_WARN_OBJC_ROOT_CLASS = YES_ERROR;
				FRAMEWORK_SEARCH_PATHS = (
					"$(SDKROOT)/Developer/Library/Frameworks",
					"$(inherited)",
					"$(DEVELOPER_FRAMEWORKS_DIR)",
				);
				GCC_PRECOMPILE_PREFIX_HEADER = YES;
				GCC_PREFIX_HEADER = "Objc_Playground_iOS/Objc_Playground_iOS-Prefix.pch";
				GCC_PREPROCESSOR_DEFINITIONS = (
					"DEBUG=1",
					"$(inherited)",
				);
				GCC_WARN_ABOUT_RETURN_TYPE = YES_ERROR;
				GCC_WARN_UNDECLARED_SELECTOR = YES;
				GCC_WARN_UNUSED_FUNCTION = YES;
				INFOPLIST_FILE = "Objc_Playground_iOSTests/Objc_Playground_iOSTests-Info.plist";
				IPHONEOS_DEPLOYMENT_TARGET = 7.0;
				PRODUCT_NAME = "$(TARGET_NAME)";
				SDKROOT = iphoneos;
				TEST_HOST = "$(BUNDLE_LOADER)";
				WRAPPER_EXTENSION = xctest;
			};
			name = Debug;
		};
		1737D6CE185A079C00AF9774 /* Release */ = {
			isa = XCBuildConfiguration;
			buildSettings = {
				ARCHS = "$(ARCHS_STANDARD_INCLUDING_64_BIT)";
				BUNDLE_LOADER = "$(BUILT_PRODUCTS_DIR)/Objc_Playground_iOS.app/Objc_Playground_iOS";
				CLANG_ENABLE_MODULES = YES;
				CLANG_WARN_BOOL_CONVERSION = YES;
				CLANG_WARN_CONSTANT_CONVERSION = YES;
				CLANG_WARN_DIRECT_OBJC_ISA_USAGE = YES_ERROR;
				CLANG_WARN_ENUM_CONVERSION = YES;
				CLANG_WARN_INT_CONVERSION = YES;
				CLANG_WARN_OBJC_ROOT_CLASS = YES_ERROR;
				ENABLE_NS_ASSERTIONS = NO;
				FRAMEWORK_SEARCH_PATHS = (
					"$(SDKROOT)/Developer/Library/Frameworks",
					"$(inherited)",
					"$(DEVELOPER_FRAMEWORKS_DIR)",
				);
				GCC_PRECOMPILE_PREFIX_HEADER = YES;
				GCC_PREFIX_HEADER = "Objc_Playground_iOS/Objc_Playground_iOS-Prefix.pch";
				GCC_WARN_ABOUT_RETURN_TYPE = YES_ERROR;
				GCC_WARN_UNDECLARED_SELECTOR = YES;
				GCC_WARN_UNUSED_FUNCTION = YES;
				INFOPLIST_FILE = "Objc_Playground_iOSTests/Objc_Playground_iOSTests-Info.plist";
				IPHONEOS_DEPLOYMENT_TARGET = 7.0;
				PRODUCT_NAME = "$(TARGET_NAME)";
				SDKROOT = iphoneos;
				TEST_HOST = "$(BUNDLE_LOADER)";
				VALIDATE_PRODUCT = YES;
				WRAPPER_EXTENSION = xctest;
			};
			name = Release;
		};
		B85EE75E163AECB000265870 /* Debug */ = {
			isa = XCBuildConfiguration;
			buildSettings = {
				ALWAYS_SEARCH_USER_PATHS = NO;
				CLANG_CXX_LANGUAGE_STANDARD = "gnu++0x";
				CLANG_CXX_LIBRARY = "libc++";
				CLANG_ENABLE_OBJC_ARC = YES;
				CLANG_WARN_EMPTY_BODY = YES;
				CLANG_WARN__DUPLICATE_METHOD_MATCH = YES;
				COPY_PHASE_STRIP = NO;
				GCC_C_LANGUAGE_STANDARD = gnu99;
				GCC_DYNAMIC_NO_PIC = NO;
				GCC_ENABLE_OBJC_EXCEPTIONS = YES;
				GCC_OPTIMIZATION_LEVEL = 0;
				GCC_PREPROCESSOR_DEFINITIONS = (
					"DEBUG=1",
					"$(inherited)",
				);
				GCC_SYMBOLS_PRIVATE_EXTERN = NO;
				GCC_WARN_64_TO_32_BIT_CONVERSION = YES;
				GCC_WARN_ABOUT_RETURN_TYPE = YES;
				GCC_WARN_UNINITIALIZED_AUTOS = YES;
				GCC_WARN_UNUSED_VARIABLE = YES;
				MACOSX_DEPLOYMENT_TARGET = 10.8;
				ONLY_ACTIVE_ARCH = YES;
				SDKROOT = macosx;
			};
			name = Debug;
		};
		B85EE75F163AECB000265870 /* Release */ = {
			isa = XCBuildConfiguration;
			buildSettings = {
				ALWAYS_SEARCH_USER_PATHS = NO;
				CLANG_CXX_LANGUAGE_STANDARD = "gnu++0x";
				CLANG_CXX_LIBRARY = "libc++";
				CLANG_ENABLE_OBJC_ARC = YES;
				CLANG_WARN_EMPTY_BODY = YES;
				CLANG_WARN__DUPLICATE_METHOD_MATCH = YES;
				COPY_PHASE_STRIP = YES;
				DEBUG_INFORMATION_FORMAT = "dwarf-with-dsym";
				GCC_C_LANGUAGE_STANDARD = gnu99;
				GCC_ENABLE_OBJC_EXCEPTIONS = YES;
				GCC_WARN_64_TO_32_BIT_CONVERSION = YES;
				GCC_WARN_ABOUT_RETURN_TYPE = YES;
				GCC_WARN_UNINITIALIZED_AUTOS = YES;
				GCC_WARN_UNUSED_VARIABLE = YES;
				MACOSX_DEPLOYMENT_TARGET = 10.8;
				SDKROOT = macosx;
			};
			name = Release;
		};
		B85EE761163AECB000265870 /* Debug */ = {
			isa = XCBuildConfiguration;
			buildSettings = {
				GCC_PRECOMPILE_PREFIX_HEADER = YES;
				GCC_PREFIX_HEADER = "ObjC_Playground/ObjC_Playground-Prefix.pch";
				PRODUCT_NAME = "$(TARGET_NAME)";
			};
			name = Debug;
		};
		B85EE762163AECB000265870 /* Release */ = {
			isa = XCBuildConfiguration;
			buildSettings = {
				GCC_PRECOMPILE_PREFIX_HEADER = YES;
				GCC_PREFIX_HEADER = "ObjC_Playground/ObjC_Playground-Prefix.pch";
				PRODUCT_NAME = "$(TARGET_NAME)";
			};
			name = Release;
		};
		B85EE791163B277300265870 /* Debug */ = {
			isa = XCBuildConfiguration;
			buildSettings = {
				ALWAYS_SEARCH_USER_PATHS = YES;
				COMBINE_HIDPI_IMAGES = YES;
				FRAMEWORK_SEARCH_PATHS = "$(DEVELOPER_FRAMEWORKS_DIR)";
				GCC_PRECOMPILE_PREFIX_HEADER = YES;
				GCC_PREFIX_HEADER = "ObjC_PlaygroundTests/ObjC_PlaygroundTests-Prefix.pch";
				HEADER_SEARCH_PATHS = (
					"$(inherited)",
					"\"$(SRCROOT)/External\"/**",
				);
				INFOPLIST_FILE = "ObjC_PlaygroundTests/ObjC_PlaygroundTests-Info.plist";
				LIBRARY_SEARCH_PATHS = (
					"$(inherited)",
					"$(SRCROOT)/External/**",
				);
				MACOSX_DEPLOYMENT_TARGET = 10.8;
				OTHER_LDFLAGS = "-ObjC";
				PRODUCT_NAME = "$(TARGET_NAME)";
				USER_HEADER_SEARCH_PATHS = "";
				VALID_ARCHS = x86_64;
				WRAPPER_EXTENSION = xctest;
			};
			name = Debug;
		};
		B85EE792163B277300265870 /* Release */ = {
			isa = XCBuildConfiguration;
			buildSettings = {
				ALWAYS_SEARCH_USER_PATHS = YES;
				COMBINE_HIDPI_IMAGES = YES;
				FRAMEWORK_SEARCH_PATHS = "$(DEVELOPER_FRAMEWORKS_DIR)";
				GCC_PRECOMPILE_PREFIX_HEADER = YES;
				GCC_PREFIX_HEADER = "ObjC_PlaygroundTests/ObjC_PlaygroundTests-Prefix.pch";
				HEADER_SEARCH_PATHS = (
					"$(inherited)",
					"\"$(SRCROOT)/External\"/**",
				);
				INFOPLIST_FILE = "ObjC_PlaygroundTests/ObjC_PlaygroundTests-Info.plist";
				LIBRARY_SEARCH_PATHS = (
					"$(inherited)",
					"$(SRCROOT)/External/**",
				);
				MACOSX_DEPLOYMENT_TARGET = 10.8;
				OTHER_LDFLAGS = "-ObjC";
				PRODUCT_NAME = "$(TARGET_NAME)";
				USER_HEADER_SEARCH_PATHS = "";
				VALID_ARCHS = x86_64;
				WRAPPER_EXTENSION = xctest;
			};
			name = Release;
		};
/* End XCBuildConfiguration section */

/* Begin XCConfigurationList section */
		1737D6C9185A079C00AF9774 /* Build configuration list for PBXNativeTarget "Objc_Playground_iOS" */ = {
			isa = XCConfigurationList;
			buildConfigurations = (
				1737D6CA185A079C00AF9774 /* Debug */,
				1737D6CB185A079C00AF9774 /* Release */,
			);
			defaultConfigurationIsVisible = 0;
		};
		1737D6CC185A079C00AF9774 /* Build configuration list for PBXNativeTarget "Objc_Playground_iOSTests" */ = {
			isa = XCConfigurationList;
			buildConfigurations = (
				1737D6CD185A079C00AF9774 /* Debug */,
				1737D6CE185A079C00AF9774 /* Release */,
			);
			defaultConfigurationIsVisible = 0;
		};
		B85EE74B163AECB000265870 /* Build configuration list for PBXProject "ObjC_Playground" */ = {
			isa = XCConfigurationList;
			buildConfigurations = (
				B85EE75E163AECB000265870 /* Debug */,
				B85EE75F163AECB000265870 /* Release */,
			);
			defaultConfigurationIsVisible = 0;
			defaultConfigurationName = Release;
		};
		B85EE760163AECB000265870 /* Build configuration list for PBXNativeTarget "ObjC_Playground" */ = {
			isa = XCConfigurationList;
			buildConfigurations = (
				B85EE761163AECB000265870 /* Debug */,
				B85EE762163AECB000265870 /* Release */,
			);
			defaultConfigurationIsVisible = 0;
			defaultConfigurationName = Release;
		};
		B85EE790163B277300265870 /* Build configuration list for PBXNativeTarget "ObjC_PlaygroundTests" */ = {
			isa = XCConfigurationList;
			buildConfigurations = (
				B85EE791163B277300265870 /* Debug */,
				B85EE792163B277300265870 /* Release */,
			);
			defaultConfigurationIsVisible = 0;
			defaultConfigurationName = Release;
		};
/* End XCConfigurationList section */
	};
	rootObject = B85EE748163AECB000265870 /* Project object */;
}
